
Microsoft Visual Studio Solution File, Format Version 12.00
# Visual Studio Version 16
VisualStudioVersion = 16.0.32126.315
MinimumVisualStudioVersion = 10.0.40219.1
Project("{FAE04EC0-301F-11D3-BF4B-00C04F79EFBC}") = "Client", "Client\Client.csproj", "{2059E2C8-BC08-4AA5-91A2-F3527A5BFD1F}"
EndProject
Project("{FAE04EC0-301F-11D3-BF4B-00C04F79EFBC}") = "Host", "Host\Host.csproj", "{9D61A60F-420F-47E2-A9D8-6855920AF89A}"
EndProject
Project("{FAE04EC0-301F-11D3-BF4B-00C04F79EFBC}") = "Services", "Services\Services.csproj", "{8B6F069E-0FF7-4D68-9518-4218208CEBBA}"
EndProject
Global
	GlobalSection(SolutionConfigurationPlatforms) = preSolution
		Debug|Any CPU = Debug|Any CPU
		Release|Any CPU = Release|Any CPU
	EndGlobalSection
	GlobalSection(ProjectConfigurationPlatforms) = postSolution
		{2059E2C8-BC08-4AA5-91A2-F3527A5BFD1F}.Debug|Any CPU.ActiveCfg = Debug|Any CPU
		{2059E2C8-BC08-4AA5-91A2-F3527A5BFD1F}.Debug|Any CPU.Build.0 = Debug|Any CPU
		{2059E2C8-BC08-4AA5-91A2-F3527A5BFD1F}.Release|Any CPU.ActiveCfg = Release|Any CPU
		{2059E2C8-BC08-4AA5-91A2-F3527A5BFD1F}.Release|Any CPU.Build.0 = Release|Any CPU
		{9D61A60F-420F-47E2-A9D8-6855920AF89A}.Debug|Any CPU.ActiveCfg = Debug|Any CPU
		{9D61A60F-420F-47E2-A9D8-6855920AF89A}.Debug|Any CPU.Build.0 = Debug|Any CPU
		{9D61A60F-420F-47E2-A9D8-6855920AF89A}.Release|Any CPU.ActiveCfg = Release|Any CPU
		{9D61A60F-420F-47E2-A9D8-6855920AF89A}.Release|Any CPU.Build.0 = Release|Any CPU
		{8B6F069E-0FF7-4D68-9518-4218208CEBBA}.Debug|Any CPU.ActiveCfg = Debug|Any CPU
		{8B6F069E-0FF7-4D68-9518-4218208CEBBA}.Debug|Any CPU.Build.0 = Debug|Any CPU
		{8B6F069E-0FF7-4D68-9518-4218208CEBBA}.Release|Any CPU.ActiveCfg = Release|Any CPU
		{8B6F069E-0FF7-4D68-9518-4218208CEBBA}.Release|Any CPU.Build.0 = Release|Any CPU
	EndGlobalSection
	GlobalSection(SolutionProperties) = preSolution
		HideSolutionNode = FALSE
	EndGlobalSection
	GlobalSection(ExtensibilityGlobals) = postSolution
		SolutionGuid = {A2736E59-2001-462B-9AC8-0B21ABA8DF0B}
	EndGlobalSection
EndGlobal
